// !$*UTF8*$!
{
	archiveVersion = 1;
	classes = {
	};
	objectVersion = 50;
	objects = {

/* Begin PBXBuildFile section */
		ED6659CF258430C4001EF405 /* DashboardView.swift in Sources */ = {isa = PBXBuildFile; fileRef = ED6659CE258430C4001EF405 /* DashboardView.swift */; };
		ED6659DD2584354F001EF405 /* SwiftUI+.swift in Sources */ = {isa = PBXBuildFile; fileRef = ED6659DC2584354F001EF405 /* SwiftUI+.swift */; };
		ED6659E825843832001EF405 /* MemoriesView.swift in Sources */ = {isa = PBXBuildFile; fileRef = ED6659E725843832001EF405 /* MemoriesView.swift */; };
		ED6659FA2584AF90001EF405 /* DashboardViewModel.swift in Sources */ = {isa = PBXBuildFile; fileRef = ED6659F92584AF90001EF405 /* DashboardViewModel.swift */; };
		ED665A022584B1CE001EF405 /* Foundation+.swift in Sources */ = {isa = PBXBuildFile; fileRef = ED665A012584B1CE001EF405 /* Foundation+.swift */; };
		ED665A0725852A51001EF405 /* DispatchQueue+.swift in Sources */ = {isa = PBXBuildFile; fileRef = ED665A0625852A51001EF405 /* DispatchQueue+.swift */; };
		ED7C0D2B2586FD0000F3D30B /* MediaView.swift in Sources */ = {isa = PBXBuildFile; fileRef = ED7C0D2A2586FD0000F3D30B /* MediaView.swift */; };
		ED7C0D312587099300F3D30B /* MediaWrapper.swift in Sources */ = {isa = PBXBuildFile; fileRef = ED7C0D302587099300F3D30B /* MediaWrapper.swift */; };
		EDA388342584258300C426D3 /* RootView.swift in Sources */ = {isa = PBXBuildFile; fileRef = EDA388332584258300C426D3 /* RootView.swift */; };
		EDA388382584258500C426D3 /* Assets.xcassets in Resources */ = {isa = PBXBuildFile; fileRef = EDA388372584258500C426D3 /* Assets.xcassets */; };
		EDA388462584258600C426D3 /* memoriesTests.swift in Sources */ = {isa = PBXBuildFile; fileRef = EDA388452584258600C426D3 /* memoriesTests.swift */; };
		EDA388512584258600C426D3 /* memoriesUITests.swift in Sources */ = {isa = PBXBuildFile; fileRef = EDA388502584258600C426D3 /* memoriesUITests.swift */; };
/* End PBXBuildFile section */

/* Begin PBXContainerItemProxy section */
		EDA388422584258500C426D3 /* PBXContainerItemProxy */ = {
			isa = PBXContainerItemProxy;
			containerPortal = EDA388282584258300C426D3 /* Project object */;
			proxyType = 1;
			remoteGlobalIDString = EDA3882F2584258300C426D3;
			remoteInfo = memories;
		};
		EDA3884D2584258600C426D3 /* PBXContainerItemProxy */ = {
			isa = PBXContainerItemProxy;
			containerPortal = EDA388282584258300C426D3 /* Project object */;
			proxyType = 1;
			remoteGlobalIDString = EDA3882F2584258300C426D3;
			remoteInfo = memories;
		};
/* End PBXContainerItemProxy section */

/* Begin PBXFileReference section */
		ED6659CE258430C4001EF405 /* DashboardView.swift */ = {isa = PBXFileReference; lastKnownFileType = sourcecode.swift; path = DashboardView.swift; sourceTree = "<group>"; };
		ED6659DC2584354F001EF405 /* SwiftUI+.swift */ = {isa = PBXFileReference; lastKnownFileType = sourcecode.swift; path = "SwiftUI+.swift"; sourceTree = "<group>"; };
		ED6659E725843832001EF405 /* MemoriesView.swift */ = {isa = PBXFileReference; lastKnownFileType = sourcecode.swift; path = MemoriesView.swift; sourceTree = "<group>"; };
		ED6659F92584AF90001EF405 /* DashboardViewModel.swift */ = {isa = PBXFileReference; lastKnownFileType = sourcecode.swift; path = DashboardViewModel.swift; sourceTree = "<group>"; };
		ED665A012584B1CE001EF405 /* Foundation+.swift */ = {isa = PBXFileReference; lastKnownFileType = sourcecode.swift; path = "Foundation+.swift"; sourceTree = "<group>"; };
		ED665A0625852A51001EF405 /* DispatchQueue+.swift */ = {isa = PBXFileReference; lastKnownFileType = sourcecode.swift; path = "DispatchQueue+.swift"; sourceTree = "<group>"; };
		ED7C0D2A2586FD0000F3D30B /* MediaView.swift */ = {isa = PBXFileReference; lastKnownFileType = sourcecode.swift; path = MediaView.swift; sourceTree = "<group>"; };
		ED7C0D302587099300F3D30B /* MediaWrapper.swift */ = {isa = PBXFileReference; lastKnownFileType = sourcecode.swift; path = MediaWrapper.swift; sourceTree = "<group>"; };
		EDA388302584258300C426D3 /* Memories.app */ = {isa = PBXFileReference; explicitFileType = wrapper.application; includeInIndex = 0; path = Memories.app; sourceTree = BUILT_PRODUCTS_DIR; };
		EDA388332584258300C426D3 /* RootView.swift */ = {isa = PBXFileReference; lastKnownFileType = sourcecode.swift; path = RootView.swift; sourceTree = "<group>"; };
		EDA388372584258500C426D3 /* Assets.xcassets */ = {isa = PBXFileReference; lastKnownFileType = folder.assetcatalog; path = Assets.xcassets; sourceTree = "<group>"; };
		EDA3883C2584258500C426D3 /* Info.plist */ = {isa = PBXFileReference; lastKnownFileType = text.plist.xml; path = Info.plist; sourceTree = "<group>"; };
		EDA388412584258500C426D3 /* UnitTests.xctest */ = {isa = PBXFileReference; explicitFileType = wrapper.cfbundle; includeInIndex = 0; path = UnitTests.xctest; sourceTree = BUILT_PRODUCTS_DIR; };
		EDA388452584258600C426D3 /* memoriesTests.swift */ = {isa = PBXFileReference; lastKnownFileType = sourcecode.swift; path = memoriesTests.swift; sourceTree = "<group>"; };
		EDA388472584258600C426D3 /* Info.plist */ = {isa = PBXFileReference; lastKnownFileType = text.plist.xml; path = Info.plist; sourceTree = "<group>"; };
		EDA3884C2584258600C426D3 /* UITests.xctest */ = {isa = PBXFileReference; explicitFileType = wrapper.cfbundle; includeInIndex = 0; path = UITests.xctest; sourceTree = BUILT_PRODUCTS_DIR; };
		EDA388502584258600C426D3 /* memoriesUITests.swift */ = {isa = PBXFileReference; lastKnownFileType = sourcecode.swift; path = memoriesUITests.swift; sourceTree = "<group>"; };
		EDA388522584258600C426D3 /* Info.plist */ = {isa = PBXFileReference; lastKnownFileType = text.plist.xml; path = Info.plist; sourceTree = "<group>"; };
/* End PBXFileReference section */

/* Begin PBXFrameworksBuildPhase section */
		EDA3882D2584258300C426D3 /* Frameworks */ = {
			isa = PBXFrameworksBuildPhase;
			buildActionMask = 2147483647;
			files = (
			);
			runOnlyForDeploymentPostprocessing = 0;
		};
		EDA3883E2584258500C426D3 /* Frameworks */ = {
			isa = PBXFrameworksBuildPhase;
			buildActionMask = 2147483647;
			files = (
			);
			runOnlyForDeploymentPostprocessing = 0;
		};
		EDA388492584258600C426D3 /* Frameworks */ = {
			isa = PBXFrameworksBuildPhase;
			buildActionMask = 2147483647;
			files = (
			);
			runOnlyForDeploymentPostprocessing = 0;
		};
/* End PBXFrameworksBuildPhase section */

/* Begin PBXGroup section */
		ED6659CD258430B1001EF405 /* Views */ = {
			isa = PBXGroup;
			children = (
				ED6659CE258430C4001EF405 /* DashboardView.swift */,
				ED6659E725843832001EF405 /* MemoriesView.swift */,
				ED7C0D2A2586FD0000F3D30B /* MediaView.swift */,
			);
			path = Views;
			sourceTree = "<group>";
		};
		ED6659DB25843544001EF405 /* Utility */ = {
			isa = PBXGroup;
			children = (
				ED6659DC2584354F001EF405 /* SwiftUI+.swift */,
				ED665A012584B1CE001EF405 /* Foundation+.swift */,
				ED665A0625852A51001EF405 /* DispatchQueue+.swift */,
			);
			path = Utility;
			sourceTree = "<group>";
		};
		ED6659F82584AF5B001EF405 /* ViewModels */ = {
			isa = PBXGroup;
			children = (
				ED6659F92584AF90001EF405 /* DashboardViewModel.swift */,
			);
			path = ViewModels;
			sourceTree = "<group>";
		};
		ED7C0D2F2587098700F3D30B /* Models */ = {
			isa = PBXGroup;
			children = (
				ED7C0D302587099300F3D30B /* MediaWrapper.swift */,
			);
			path = Models;
			sourceTree = "<group>";
		};
		EDA388272584258300C426D3 = {
			isa = PBXGroup;
			children = (
				EDA388322584258300C426D3 /* memories */,
				EDA388442584258500C426D3 /* UnitTests */,
				EDA3884F2584258600C426D3 /* UITests */,
				EDA388312584258300C426D3 /* Products */,
			);
			sourceTree = "<group>";
		};
		EDA388312584258300C426D3 /* Products */ = {
			isa = PBXGroup;
			children = (
				EDA388302584258300C426D3 /* Memories.app */,
				EDA388412584258500C426D3 /* UnitTests.xctest */,
				EDA3884C2584258600C426D3 /* UITests.xctest */,
			);
			name = Products;
			sourceTree = "<group>";
		};
		EDA388322584258300C426D3 /* memories */ = {
			isa = PBXGroup;
			children = (
				ED7C0D2F2587098700F3D30B /* Models */,
				ED6659DB25843544001EF405 /* Utility */,
				ED6659F82584AF5B001EF405 /* ViewModels */,
				ED6659CD258430B1001EF405 /* Views */,
				EDA388332584258300C426D3 /* RootView.swift */,
				EDA388372584258500C426D3 /* Assets.xcassets */,
				EDA3883C2584258500C426D3 /* Info.plist */,
			);
			path = memories;
			sourceTree = "<group>";
		};
		EDA388442584258500C426D3 /* UnitTests */ = {
			isa = PBXGroup;
			children = (
				EDA388452584258600C426D3 /* memoriesTests.swift */,
				EDA388472584258600C426D3 /* Info.plist */,
			);
			path = UnitTests;
			sourceTree = "<group>";
		};
		EDA3884F2584258600C426D3 /* UITests */ = {
			isa = PBXGroup;
			children = (
				EDA388502584258600C426D3 /* memoriesUITests.swift */,
				EDA388522584258600C426D3 /* Info.plist */,
			);
			path = UITests;
			sourceTree = "<group>";
		};
/* End PBXGroup section */

/* Begin PBXNativeTarget section */
		EDA3882F2584258300C426D3 /* Memories */ = {
			isa = PBXNativeTarget;
			buildConfigurationList = EDA388552584258600C426D3 /* Build configuration list for PBXNativeTarget "Memories" */;
			buildPhases = (
				EDA3882C2584258300C426D3 /* Sources */,
				EDA3882D2584258300C426D3 /* Frameworks */,
				EDA3882E2584258300C426D3 /* Resources */,
			);
			buildRules = (
			);
			dependencies = (
			);
			name = Memories;
			productName = memories;
			productReference = EDA388302584258300C426D3 /* Memories.app */;
			productType = "com.apple.product-type.application";
		};
		EDA388402584258500C426D3 /* UnitTests */ = {
			isa = PBXNativeTarget;
			buildConfigurationList = EDA388582584258600C426D3 /* Build configuration list for PBXNativeTarget "UnitTests" */;
			buildPhases = (
				EDA3883D2584258500C426D3 /* Sources */,
				EDA3883E2584258500C426D3 /* Frameworks */,
				EDA3883F2584258500C426D3 /* Resources */,
			);
			buildRules = (
			);
			dependencies = (
				EDA388432584258500C426D3 /* PBXTargetDependency */,
			);
			name = UnitTests;
			productName = memoriesTests;
			productReference = EDA388412584258500C426D3 /* UnitTests.xctest */;
			productType = "com.apple.product-type.bundle.unit-test";
		};
		EDA3884B2584258600C426D3 /* UITests */ = {
			isa = PBXNativeTarget;
			buildConfigurationList = EDA3885B2584258600C426D3 /* Build configuration list for PBXNativeTarget "UITests" */;
			buildPhases = (
				EDA388482584258600C426D3 /* Sources */,
				EDA388492584258600C426D3 /* Frameworks */,
				EDA3884A2584258600C426D3 /* Resources */,
			);
			buildRules = (
			);
			dependencies = (
				EDA3884E2584258600C426D3 /* PBXTargetDependency */,
			);
			name = UITests;
			productName = memoriesUITests;
			productReference = EDA3884C2584258600C426D3 /* UITests.xctest */;
			productType = "com.apple.product-type.bundle.ui-testing";
		};
/* End PBXNativeTarget section */

/* Begin PBXProject section */
		EDA388282584258300C426D3 /* Project object */ = {
			isa = PBXProject;
			attributes = {
				LastSwiftUpdateCheck = 1220;
				LastUpgradeCheck = 1220;
				TargetAttributes = {
					EDA3882F2584258300C426D3 = {
						CreatedOnToolsVersion = 12.2;
					};
					EDA388402584258500C426D3 = {
						CreatedOnToolsVersion = 12.2;
						TestTargetID = EDA3882F2584258300C426D3;
					};
					EDA3884B2584258600C426D3 = {
						CreatedOnToolsVersion = 12.2;
						TestTargetID = EDA3882F2584258300C426D3;
					};
				};
			};
			buildConfigurationList = EDA3882B2584258300C426D3 /* Build configuration list for PBXProject "Memories" */;
			compatibilityVersion = "Xcode 9.3";
			developmentRegion = en;
			hasScannedForEncodings = 0;
			knownRegions = (
				en,
				Base,
			);
			mainGroup = EDA388272584258300C426D3;
			productRefGroup = EDA388312584258300C426D3 /* Products */;
			projectDirPath = "";
			projectRoot = "";
			targets = (
				EDA3882F2584258300C426D3 /* Memories */,
				EDA388402584258500C426D3 /* UnitTests */,
				EDA3884B2584258600C426D3 /* UITests */,
			);
		};
/* End PBXProject section */

/* Begin PBXResourcesBuildPhase section */
		EDA3882E2584258300C426D3 /* Resources */ = {
			isa = PBXResourcesBuildPhase;
			buildActionMask = 2147483647;
			files = (
				EDA388382584258500C426D3 /* Assets.xcassets in Resources */,
			);
			runOnlyForDeploymentPostprocessing = 0;
		};
		EDA3883F2584258500C426D3 /* Resources */ = {
			isa = PBXResourcesBuildPhase;
			buildActionMask = 2147483647;
			files = (
			);
			runOnlyForDeploymentPostprocessing = 0;
		};
		EDA3884A2584258600C426D3 /* Resources */ = {
			isa = PBXResourcesBuildPhase;
			buildActionMask = 2147483647;
			files = (
			);
			runOnlyForDeploymentPostprocessing = 0;
		};
/* End PBXResourcesBuildPhase section */

/* Begin PBXSourcesBuildPhase section */
		EDA3882C2584258300C426D3 /* Sources */ = {
			isa = PBXSourcesBuildPhase;
			buildActionMask = 2147483647;
			files = (
				ED7C0D2B2586FD0000F3D30B /* MediaView.swift in Sources */,
				ED6659CF258430C4001EF405 /* DashboardView.swift in Sources */,
				ED6659FA2584AF90001EF405 /* DashboardViewModel.swift in Sources */,
				ED6659E825843832001EF405 /* MemoriesView.swift in Sources */,
				ED7C0D312587099300F3D30B /* MediaWrapper.swift in Sources */,
				ED6659DD2584354F001EF405 /* SwiftUI+.swift in Sources */,
				ED665A0725852A51001EF405 /* DispatchQueue+.swift in Sources */,
				ED665A022584B1CE001EF405 /* Foundation+.swift in Sources */,
				EDA388342584258300C426D3 /* RootView.swift in Sources */,
			);
			runOnlyForDeploymentPostprocessing = 0;
		};
		EDA3883D2584258500C426D3 /* Sources */ = {
			isa = PBXSourcesBuildPhase;
			buildActionMask = 2147483647;
			files = (
				EDA388462584258600C426D3 /* memoriesTests.swift in Sources */,
			);
			runOnlyForDeploymentPostprocessing = 0;
		};
		EDA388482584258600C426D3 /* Sources */ = {
			isa = PBXSourcesBuildPhase;
			buildActionMask = 2147483647;
			files = (
				EDA388512584258600C426D3 /* memoriesUITests.swift in Sources */,
			);
			runOnlyForDeploymentPostprocessing = 0;
		};
/* End PBXSourcesBuildPhase section */

/* Begin PBXTargetDependency section */
		EDA388432584258500C426D3 /* PBXTargetDependency */ = {
			isa = PBXTargetDependency;
			target = EDA3882F2584258300C426D3 /* Memories */;
			targetProxy = EDA388422584258500C426D3 /* PBXContainerItemProxy */;
		};
		EDA3884E2584258600C426D3 /* PBXTargetDependency */ = {
			isa = PBXTargetDependency;
			target = EDA3882F2584258300C426D3 /* Memories */;
			targetProxy = EDA3884D2584258600C426D3 /* PBXContainerItemProxy */;
		};
/* End PBXTargetDependency section */

/* Begin XCBuildConfiguration section */
		EDA388532584258600C426D3 /* Debug */ = {
			isa = XCBuildConfiguration;
			buildSettings = {
				ALWAYS_SEARCH_USER_PATHS = NO;
				CLANG_ANALYZER_NONNULL = YES;
				CLANG_ANALYZER_NUMBER_OBJECT_CONVERSION = YES_AGGRESSIVE;
				CLANG_CXX_LANGUAGE_STANDARD = "gnu++14";
				CLANG_CXX_LIBRARY = "libc++";
				CLANG_ENABLE_MODULES = YES;
				CLANG_ENABLE_OBJC_ARC = YES;
				CLANG_ENABLE_OBJC_WEAK = YES;
				CLANG_WARN_BLOCK_CAPTURE_AUTORELEASING = YES;
				CLANG_WARN_BOOL_CONVERSION = YES;
				CLANG_WARN_COMMA = YES;
				CLANG_WARN_CONSTANT_CONVERSION = YES;
				CLANG_WARN_DEPRECATED_OBJC_IMPLEMENTATIONS = YES;
				CLANG_WARN_DIRECT_OBJC_ISA_USAGE = YES_ERROR;
				CLANG_WARN_DOCUMENTATION_COMMENTS = YES;
				CLANG_WARN_EMPTY_BODY = YES;
				CLANG_WARN_ENUM_CONVERSION = YES;
				CLANG_WARN_INFINITE_RECURSION = YES;
				CLANG_WARN_INT_CONVERSION = YES;
				CLANG_WARN_NON_LITERAL_NULL_CONVERSION = YES;
				CLANG_WARN_OBJC_IMPLICIT_RETAIN_SELF = YES;
				CLANG_WARN_OBJC_LITERAL_CONVERSION = YES;
				CLANG_WARN_OBJC_ROOT_CLASS = YES_ERROR;
				CLANG_WARN_QUOTED_INCLUDE_IN_FRAMEWORK_HEADER = YES;
				CLANG_WARN_RANGE_LOOP_ANALYSIS = YES;
				CLANG_WARN_STRICT_PROTOTYPES = YES;
				CLANG_WARN_SUSPICIOUS_MOVE = YES;
				CLANG_WARN_UNGUARDED_AVAILABILITY = YES_AGGRESSIVE;
				CLANG_WARN_UNREACHABLE_CODE = YES;
				CLANG_WARN__DUPLICATE_METHOD_MATCH = YES;
				COPY_PHASE_STRIP = NO;
				DEBUG_INFORMATION_FORMAT = dwarf;
				ENABLE_STRICT_OBJC_MSGSEND = YES;
				ENABLE_TESTABILITY = YES;
				GCC_C_LANGUAGE_STANDARD = gnu11;
				GCC_DYNAMIC_NO_PIC = NO;
				GCC_NO_COMMON_BLOCKS = YES;
				GCC_OPTIMIZATION_LEVEL = 0;
				GCC_PREPROCESSOR_DEFINITIONS = (
					"DEBUG=1",
					"$(inherited)",
				);
				GCC_WARN_64_TO_32_BIT_CONVERSION = YES;
				GCC_WARN_ABOUT_RETURN_TYPE = YES_ERROR;
				GCC_WARN_UNDECLARED_SELECTOR = YES;
				GCC_WARN_UNINITIALIZED_AUTOS = YES_AGGRESSIVE;
				GCC_WARN_UNUSED_FUNCTION = YES;
				GCC_WARN_UNUSED_VARIABLE = YES;
				IPHONEOS_DEPLOYMENT_TARGET = 14.2;
				MTL_ENABLE_DEBUG_INFO = INCLUDE_SOURCE;
				MTL_FAST_MATH = YES;
				ONLY_ACTIVE_ARCH = YES;
				SDKROOT = iphoneos;
				SWIFT_ACTIVE_COMPILATION_CONDITIONS = DEBUG;
				SWIFT_OPTIMIZATION_LEVEL = "-Onone";
			};
			name = Debug;
		};
		EDA388542584258600C426D3 /* Release */ = {
			isa = XCBuildConfiguration;
			buildSettings = {
				ALWAYS_SEARCH_USER_PATHS = NO;
				CLANG_ANALYZER_NONNULL = YES;
				CLANG_ANALYZER_NUMBER_OBJECT_CONVERSION = YES_AGGRESSIVE;
				CLANG_CXX_LANGUAGE_STANDARD = "gnu++14";
				CLANG_CXX_LIBRARY = "libc++";
				CLANG_ENABLE_MODULES = YES;
				CLANG_ENABLE_OBJC_ARC = YES;
				CLANG_ENABLE_OBJC_WEAK = YES;
				CLANG_WARN_BLOCK_CAPTURE_AUTORELEASING = YES;
				CLANG_WARN_BOOL_CONVERSION = YES;
				CLANG_WARN_COMMA = YES;
				CLANG_WARN_CONSTANT_CONVERSION = YES;
				CLANG_WARN_DEPRECATED_OBJC_IMPLEMENTATIONS = YES;
				CLANG_WARN_DIRECT_OBJC_ISA_USAGE = YES_ERROR;
				CLANG_WARN_DOCUMENTATION_COMMENTS = YES;
				CLANG_WARN_EMPTY_BODY = YES;
				CLANG_WARN_ENUM_CONVERSION = YES;
				CLANG_WARN_INFINITE_RECURSION = YES;
				CLANG_WARN_INT_CONVERSION = YES;
				CLANG_WARN_NON_LITERAL_NULL_CONVERSION = YES;
				CLANG_WARN_OBJC_IMPLICIT_RETAIN_SELF = YES;
				CLANG_WARN_OBJC_LITERAL_CONVERSION = YES;
				CLANG_WARN_OBJC_ROOT_CLASS = YES_ERROR;
				CLANG_WARN_QUOTED_INCLUDE_IN_FRAMEWORK_HEADER = YES;
				CLANG_WARN_RANGE_LOOP_ANALYSIS = YES;
				CLANG_WARN_STRICT_PROTOTYPES = YES;
				CLANG_WARN_SUSPICIOUS_MOVE = YES;
				CLANG_WARN_UNGUARDED_AVAILABILITY = YES_AGGRESSIVE;
				CLANG_WARN_UNREACHABLE_CODE = YES;
				CLANG_WARN__DUPLICATE_METHOD_MATCH = YES;
				COPY_PHASE_STRIP = NO;
				DEBUG_INFORMATION_FORMAT = "dwarf-with-dsym";
				ENABLE_NS_ASSERTIONS = NO;
				ENABLE_STRICT_OBJC_MSGSEND = YES;
				GCC_C_LANGUAGE_STANDARD = gnu11;
				GCC_NO_COMMON_BLOCKS = YES;
				GCC_WARN_64_TO_32_BIT_CONVERSION = YES;
				GCC_WARN_ABOUT_RETURN_TYPE = YES_ERROR;
				GCC_WARN_UNDECLARED_SELECTOR = YES;
				GCC_WARN_UNINITIALIZED_AUTOS = YES_AGGRESSIVE;
				GCC_WARN_UNUSED_FUNCTION = YES;
				GCC_WARN_UNUSED_VARIABLE = YES;
				IPHONEOS_DEPLOYMENT_TARGET = 14.2;
				MTL_ENABLE_DEBUG_INFO = NO;
				MTL_FAST_MATH = YES;
				SDKROOT = iphoneos;
				SWIFT_COMPILATION_MODE = wholemodule;
				SWIFT_OPTIMIZATION_LEVEL = "-O";
				VALIDATE_PRODUCT = YES;
			};
			name = Release;
		};
		EDA388562584258600C426D3 /* Debug */ = {
			isa = XCBuildConfiguration;
			buildSettings = {
				ASSETCATALOG_COMPILER_APPICON_NAME = AppIcon;
				ASSETCATALOG_COMPILER_GLOBAL_ACCENT_COLOR_NAME = AccentColor;
				CODE_SIGN_STYLE = Automatic;
				DEVELOPMENT_ASSET_PATHS = "";
				ENABLE_PREVIEWS = YES;
				INFOPLIST_FILE = memories/Info.plist;
				IPHONEOS_DEPLOYMENT_TARGET = 14.0;
				LD_RUNPATH_SEARCH_PATHS = (
					"$(inherited)",
					"@executable_path/Frameworks",
				);
				MARKETING_VERSION = 0.1;
				PRODUCT_BUNDLE_IDENTIFIER = rovge.memories;
				PRODUCT_NAME = "$(TARGET_NAME)";
				SWIFT_VERSION = 5.0;
				TARGETED_DEVICE_FAMILY = "1,2";
			};
			name = Debug;
		};
		EDA388572584258600C426D3 /* Release */ = {
			isa = XCBuildConfiguration;
			buildSettings = {
				ASSETCATALOG_COMPILER_APPICON_NAME = AppIcon;
				ASSETCATALOG_COMPILER_GLOBAL_ACCENT_COLOR_NAME = AccentColor;
				CODE_SIGN_STYLE = Automatic;
				DEVELOPMENT_ASSET_PATHS = "";
				ENABLE_PREVIEWS = YES;
				INFOPLIST_FILE = memories/Info.plist;
				IPHONEOS_DEPLOYMENT_TARGET = 14.0;
				LD_RUNPATH_SEARCH_PATHS = (
					"$(inherited)",
					"@executable_path/Frameworks",
				);
				MARKETING_VERSION = 0.1;
				PRODUCT_BUNDLE_IDENTIFIER = rovge.memories;
				PRODUCT_NAME = "$(TARGET_NAME)";
				SWIFT_VERSION = 5.0;
				TARGETED_DEVICE_FAMILY = "1,2";
			};
			name = Release;
		};
		EDA388592584258600C426D3 /* Debug */ = {
			isa = XCBuildConfiguration;
			buildSettings = {
				ALWAYS_EMBED_SWIFT_STANDARD_LIBRARIES = YES;
				BUNDLE_LOADER = "$(TEST_HOST)";
				CODE_SIGN_STYLE = Automatic;
				INFOPLIST_FILE = UnitTests/Info.plist;
				IPHONEOS_DEPLOYMENT_TARGET = 14.0;
				LD_RUNPATH_SEARCH_PATHS = (
					"$(inherited)",
					"@executable_path/Frameworks",
					"@loader_path/Frameworks",
				);
				PRODUCT_BUNDLE_IDENTIFIER = memories.unitTests;
				PRODUCT_NAME = "$(TARGET_NAME)";
				SWIFT_VERSION = 5.0;
				TARGETED_DEVICE_FAMILY = "1,2";
				TEST_HOST = "$(BUILT_PRODUCTS_DIR)/Memories.app/Memories";
			};
			name = Debug;
		};
		EDA3885A2584258600C426D3 /* Release */ = {
			isa = XCBuildConfiguration;
			buildSettings = {
				ALWAYS_EMBED_SWIFT_STANDARD_LIBRARIES = YES;
				BUNDLE_LOADER = "$(TEST_HOST)";
				CODE_SIGN_STYLE = Automatic;
				INFOPLIST_FILE = UnitTests/Info.plist;
				IPHONEOS_DEPLOYMENT_TARGET = 14.0;
				LD_RUNPATH_SEARCH_PATHS = (
					"$(inherited)",
					"@executable_path/Frameworks",
					"@loader_path/Frameworks",
				);
				PRODUCT_BUNDLE_IDENTIFIER = memories.unitTests;
				PRODUCT_NAME = "$(TARGET_NAME)";
				SWIFT_VERSION = 5.0;
				TARGETED_DEVICE_FAMILY = "1,2";
				TEST_HOST = "$(BUILT_PRODUCTS_DIR)/Memories.app/Memories";
			};
			name = Release;
		};
		EDA3885C2584258600C426D3 /* Debug */ = {
			isa = XCBuildConfiguration;
			buildSettings = {
				ALWAYS_EMBED_SWIFT_STANDARD_LIBRARIES = YES;
				CODE_SIGN_STYLE = Automatic;
				INFOPLIST_FILE = UITests/Info.plist;
				LD_RUNPATH_SEARCH_PATHS = (
					"$(inherited)",
					"@executable_path/Frameworks",
					"@loader_path/Frameworks",
				);
				PRODUCT_BUNDLE_IDENTIFIER = memories.uiTests;
				PRODUCT_NAME = "$(TARGET_NAME)";
				PROVISIONING_PROFILE = "";
				SWIFT_VERSION = 5.0;
				TARGETED_DEVICE_FAMILY = "1,2";
				TEST_TARGET_NAME = Memories;
			};
			name = Debug;
		};
		EDA3885D2584258600C426D3 /* Release */ = {
			isa = XCBuildConfiguration;
			buildSettings = {
				ALWAYS_EMBED_SWIFT_STANDARD_LIBRARIES = YES;
				CODE_SIGN_STYLE = Automatic;
				INFOPLIST_FILE = UITests/Info.plist;
				LD_RUNPATH_SEARCH_PATHS = (
					"$(inherited)",
					"@executable_path/Frameworks",
					"@loader_path/Frameworks",
				);
				PRODUCT_BUNDLE_IDENTIFIER = memories.uiTests;
				PRODUCT_NAME = "$(TARGET_NAME)";
				PROVISIONING_PROFILE = "";
				SWIFT_VERSION = 5.0;
				TARGETED_DEVICE_FAMILY = "1,2";
				TEST_TARGET_NAME = Memories;
			};
			name = Release;
		};
/* End XCBuildConfiguration section */

/* Begin XCConfigurationList section */
		EDA3882B2584258300C426D3 /* Build configuration list for PBXProject "Memories" */ = {
			isa = XCConfigurationList;
			buildConfigurations = (
				EDA388532584258600C426D3 /* Debug */,
				EDA388542584258600C426D3 /* Release */,
			);
			defaultConfigurationIsVisible = 0;
			defaultConfigurationName = Release;
		};
		EDA388552584258600C426D3 /* Build configuration list for PBXNativeTarget "Memories" */ = {
			isa = XCConfigurationList;
			buildConfigurations = (
				EDA388562584258600C426D3 /* Debug */,
				EDA388572584258600C426D3 /* Release */,
			);
			defaultConfigurationIsVisible = 0;
			defaultConfigurationName = Release;
		};
		EDA388582584258600C426D3 /* Build configuration list for PBXNativeTarget "UnitTests" */ = {
			isa = XCConfigurationList;
			buildConfigurations = (
				EDA388592584258600C426D3 /* Debug */,
				EDA3885A2584258600C426D3 /* Release */,
			);
			defaultConfigurationIsVisible = 0;
			defaultConfigurationName = Release;
		};
		EDA3885B2584258600C426D3 /* Build configuration list for PBXNativeTarget "UITests" */ = {
			isa = XCConfigurationList;
			buildConfigurations = (
				EDA3885C2584258600C426D3 /* Debug */,
				EDA3885D2584258600C426D3 /* Release */,
			);
			defaultConfigurationIsVisible = 0;
			defaultConfigurationName = Release;
		};
/* End XCConfigurationList section */
	};
	rootObject = EDA388282584258300C426D3 /* Project object */;
}
